
Microsoft Visual Studio Solution File, Format Version 12.00
# Visual Studio Version 16
VisualStudioVersion = 16.0.30804.86
MinimumVisualStudioVersion = 10.0.40219.1
Project("{FAE04EC0-301F-11D3-BF4B-00C04F79EFBC}") = "customer", "customer.csproj", "{2F4A4765-766B-466D-BB30-897E2FC44EDB}"
EndProject
Global
	GlobalSection(SolutionConfigurationPlatforms) = preSolution
		Debug|Any CPU = Debug|Any CPU
		Release|Any CPU = Release|Any CPU
	EndGlobalSection
	GlobalSection(ProjectConfigurationPlatforms) = postSolution
		{2F4A4765-766B-466D-BB30-897E2FC44EDB}.Debug|Any CPU.ActiveCfg = Debug|Any CPU
		{2F4A4765-766B-466D-BB30-897E2FC44EDB}.Debug|Any CPU.Build.0 = Debug|Any CPU
		{2F4A4765-766B-466D-BB30-897E2FC44EDB}.Release|Any CPU.ActiveCfg = Release|Any CPU
		{2F4A4765-766B-466D-BB30-897E2FC44EDB}.Release|Any CPU.Build.0 = Release|Any CPU
	EndGlobalSection
	GlobalSection(SolutionProperties) = preSolution
		HideSolutionNode = FALSE
	EndGlobalSection
	GlobalSection(ExtensibilityGlobals) = postSolution
		SolutionGuid = {B9A00DE9-92B7-4899-A29A-6899B1C14338}
	EndGlobalSection
EndGlobal
